
Microsoft Visual Studio Solution File, Format Version 12.00
# Visual Studio Version 16
VisualStudioVersion = 16.0.31605.320
MinimumVisualStudioVersion = 10.0.40219.1
Project("{9A19103F-16F7-4668-BE54-9A1E7A4F7556}") = "CarRentalManagement.Server", "CarRentalManagement\Server\CarRentalManagement.Server.csproj", "{3ACBBC09-72E5-4F13-8F0B-173D2D4E5630}"
EndProject
Project("{9A19103F-16F7-4668-BE54-9A1E7A4F7556}") = "CarRentalManagement.Client", "CarRentalManagement\Client\CarRentalManagement.Client.csproj", "{1FC77951-D23A-44EF-A7D3-724B415B0D83}"
EndProject
Project("{9A19103F-16F7-4668-BE54-9A1E7A4F7556}") = "CarRentalManagement.Shared", "CarRentalManagement\Shared\CarRentalManagement.Shared.csproj", "{52A5B68B-32C9-4074-BD68-43DE3759F215}"
EndProject
Global
	GlobalSection(SolutionConfigurationPlatforms) = preSolution
		Debug|Any CPU = Debug|Any CPU
		Release|Any CPU = Release|Any CPU
	EndGlobalSection
	GlobalSection(ProjectConfigurationPlatforms) = postSolution
		{3ACBBC09-72E5-4F13-8F0B-173D2D4E5630}.Debug|Any CPU.ActiveCfg = Debug|Any CPU
		{3ACBBC09-72E5-4F13-8F0B-173D2D4E5630}.Debug|Any CPU.Build.0 = Debug|Any CPU
		{3ACBBC09-72E5-4F13-8F0B-173D2D4E5630}.Release|Any CPU.ActiveCfg = Release|Any CPU
		{3ACBBC09-72E5-4F13-8F0B-173D2D4E5630}.Release|Any CPU.Build.0 = Release|Any CPU
		{1FC77951-D23A-44EF-A7D3-724B415B0D83}.Debug|Any CPU.ActiveCfg = Debug|Any CPU
		{1FC77951-D23A-44EF-A7D3-724B415B0D83}.Debug|Any CPU.Build.0 = Debug|Any CPU
		{1FC77951-D23A-44EF-A7D3-724B415B0D83}.Release|Any CPU.ActiveCfg = Release|Any CPU
		{1FC77951-D23A-44EF-A7D3-724B415B0D83}.Release|Any CPU.Build.0 = Release|Any CPU
		{52A5B68B-32C9-4074-BD68-43DE3759F215}.Debug|Any CPU.ActiveCfg = Debug|Any CPU
		{52A5B68B-32C9-4074-BD68-43DE3759F215}.Debug|Any CPU.Build.0 = Debug|Any CPU
		{52A5B68B-32C9-4074-BD68-43DE3759F215}.Release|Any CPU.ActiveCfg = Release|Any CPU
		{52A5B68B-32C9-4074-BD68-43DE3759F215}.Release|Any CPU.Build.0 = Release|Any CPU
	EndGlobalSection
	GlobalSection(SolutionProperties) = preSolution
		HideSolutionNode = FALSE
	EndGlobalSection
	GlobalSection(ExtensibilityGlobals) = postSolution
		SolutionGuid = {0109F5ED-E145-4A77-B08C-94E69D45A0FA}
	EndGlobalSection
EndGlobal
